
Microsoft Visual Studio Solution File, Format Version 12.00
Project("{FAE04EC0-301F-11D3-BF4B-00C04F79EFBC}") = "Silk.NET.X11", "Silk.NET.X11\Silk.NET.X11.csproj", "{5C103C87-78B8-412C-9A8C-AA24FD2734F1}"
EndProject
Project("{FAE04EC0-301F-11D3-BF4B-00C04F79EFBC}") = "Silk.NET.X11.Test", "Silk.NET.X11.Test\Silk.NET.X11.Test.csproj", "{D5B2A503-C12B-46DC-8C20-05AE1679629C}"
EndProject
Project("{FAE04EC0-301F-11D3-BF4B-00C04F79EFBC}") = "Silk.NET.GLX", "Silk.NET.GLX\Silk.NET.GLX.csproj", "{3AF3EB1F-4CB8-47CC-BB47-5FE4519DB435}"
EndProject
Project("{FAE04EC0-301F-11D3-BF4B-00C04F79EFBC}") = "Silk.NET.GLX.EXT", "Silk.NET.GLX.EXT\Silk.NET.GLX.EXT.csproj", "{F5448E88-B53A-44D7-B5EC-99CE05D55B21}"
EndProject
Global
	GlobalSection(SolutionConfigurationPlatforms) = preSolution
		Debug|Any CPU = Debug|Any CPU
		Release|Any CPU = Release|Any CPU
	EndGlobalSection
	GlobalSection(ProjectConfigurationPlatforms) = postSolution
		{5C103C87-78B8-412C-9A8C-AA24FD2734F1}.Debug|Any CPU.ActiveCfg = Debug|Any CPU
		{5C103C87-78B8-412C-9A8C-AA24FD2734F1}.Debug|Any CPU.Build.0 = Debug|Any CPU
		{5C103C87-78B8-412C-9A8C-AA24FD2734F1}.Release|Any CPU.ActiveCfg = Release|Any CPU
		{5C103C87-78B8-412C-9A8C-AA24FD2734F1}.Release|Any CPU.Build.0 = Release|Any CPU
		{D5B2A503-C12B-46DC-8C20-05AE1679629C}.Debug|Any CPU.ActiveCfg = Debug|Any CPU
		{D5B2A503-C12B-46DC-8C20-05AE1679629C}.Debug|Any CPU.Build.0 = Debug|Any CPU
		{D5B2A503-C12B-46DC-8C20-05AE1679629C}.Release|Any CPU.ActiveCfg = Release|Any CPU
		{D5B2A503-C12B-46DC-8C20-05AE1679629C}.Release|Any CPU.Build.0 = Release|Any CPU
		{3AF3EB1F-4CB8-47CC-BB47-5FE4519DB435}.Debug|Any CPU.ActiveCfg = Debug|Any CPU
		{3AF3EB1F-4CB8-47CC-BB47-5FE4519DB435}.Debug|Any CPU.Build.0 = Debug|Any CPU
		{3AF3EB1F-4CB8-47CC-BB47-5FE4519DB435}.Release|Any CPU.ActiveCfg = Release|Any CPU
		{3AF3EB1F-4CB8-47CC-BB47-5FE4519DB435}.Release|Any CPU.Build.0 = Release|Any CPU
		{F5448E88-B53A-44D7-B5EC-99CE05D55B21}.Debug|Any CPU.ActiveCfg = Debug|Any CPU
		{F5448E88-B53A-44D7-B5EC-99CE05D55B21}.Debug|Any CPU.Build.0 = Debug|Any CPU
		{F5448E88-B53A-44D7-B5EC-99CE05D55B21}.Release|Any CPU.ActiveCfg = Release|Any CPU
		{F5448E88-B53A-44D7-B5EC-99CE05D55B21}.Release|Any CPU.Build.0 = Release|Any CPU
	EndGlobalSection
EndGlobal
